
Microsoft Visual Studio Solution File, Format Version 12.00
# Visual Studio 2013
VisualStudioVersion = 12.0.40629.0
MinimumVisualStudioVersion = 10.0.40219.1
Project("{FAE04EC0-301F-11D3-BF4B-00C04F79EFBC}") = "SignalRChat.Web", "SignalRChat.Web\SignalRChat.Web.csproj", "{6BBC3153-C3DB-4831-B96D-7E0F314B84BD}"
EndProject
Project("{FAE04EC0-301F-11D3-BF4B-00C04F79EFBC}") = "SignalRChat.Web.Bootstrapper", "SignalRChat.Web.Bootstrapper\SignalRChat.Web.Bootstrapper.csproj", "{DE9FA31E-3255-4CDC-978F-976E76A53F22}"
EndProject
Project("{FAE04EC0-301F-11D3-BF4B-00C04F79EFBC}") = "SignalRChat.Contracts", "SignalRChat.Contracts\SignalRChat.Contracts.csproj", "{C671C438-40D3-4F16-A74D-EC4B6F8A3F70}"
EndProject
Global
	GlobalSection(SolutionConfigurationPlatforms) = preSolution
		Debug|Any CPU = Debug|Any CPU
		Release|Any CPU = Release|Any CPU
	EndGlobalSection
	GlobalSection(ProjectConfigurationPlatforms) = postSolution
		{6BBC3153-C3DB-4831-B96D-7E0F314B84BD}.Debug|Any CPU.ActiveCfg = Debug|Any CPU
		{6BBC3153-C3DB-4831-B96D-7E0F314B84BD}.Debug|Any CPU.Build.0 = Debug|Any CPU
		{6BBC3153-C3DB-4831-B96D-7E0F314B84BD}.Release|Any CPU.ActiveCfg = Release|Any CPU
		{6BBC3153-C3DB-4831-B96D-7E0F314B84BD}.Release|Any CPU.Build.0 = Release|Any CPU
		{DE9FA31E-3255-4CDC-978F-976E76A53F22}.Debug|Any CPU.ActiveCfg = Debug|Any CPU
		{DE9FA31E-3255-4CDC-978F-976E76A53F22}.Debug|Any CPU.Build.0 = Debug|Any CPU
		{DE9FA31E-3255-4CDC-978F-976E76A53F22}.Release|Any CPU.ActiveCfg = Release|Any CPU
		{DE9FA31E-3255-4CDC-978F-976E76A53F22}.Release|Any CPU.Build.0 = Release|Any CPU
		{C671C438-40D3-4F16-A74D-EC4B6F8A3F70}.Debug|Any CPU.ActiveCfg = Debug|Any CPU
		{C671C438-40D3-4F16-A74D-EC4B6F8A3F70}.Debug|Any CPU.Build.0 = Debug|Any CPU
		{C671C438-40D3-4F16-A74D-EC4B6F8A3F70}.Release|Any CPU.ActiveCfg = Release|Any CPU
		{C671C438-40D3-4F16-A74D-EC4B6F8A3F70}.Release|Any CPU.Build.0 = Release|Any CPU
	EndGlobalSection
	GlobalSection(SolutionProperties) = preSolution
		HideSolutionNode = FALSE
	EndGlobalSection
EndGlobal
